%{"phoenix_gen_socket_client": {:git, "https://github.com/VoiceLayer/phoenix_gen_socket_client.git", "fdc19061da9383dc98ce66df52789722e2d02433", [branch: "fix/ets-limit"]},
  "poison": {:hex, :poison, "1.5.2", "560bdfb7449e3ddd23a096929fb9fc2122f709bcc758b2d5d5a5c7d0ea848910", [:mix], []},
  "websocket_client": {:git, "https://github.com/sanmiguel/websocket_client.git", "16cd139a71d99813ec0c0cd1d8cb92dbde93d9c7", [tag: "1.1.0"]}}
